
Microsoft Visual Studio Solution File, Format Version 12.00
# Visual Studio Version 17
VisualStudioVersion = 17.1.32328.378
MinimumVisualStudioVersion = 10.0.40219.1
Project("{FAE04EC0-301F-11D3-BF4B-00C04F79EFBC}") = "Task_1", "Task_1\Task_1.csproj", "{A36CD727-D5D8-4270-80DA-5C5A97C90AE8}"
EndProject
Global
	GlobalSection(SolutionConfigurationPlatforms) = preSolution
		Debug|Any CPU = Debug|Any CPU
		Release|Any CPU = Release|Any CPU
	EndGlobalSection
	GlobalSection(ProjectConfigurationPlatforms) = postSolution
		{A36CD727-D5D8-4270-80DA-5C5A97C90AE8}.Debug|Any CPU.ActiveCfg = Debug|Any CPU
		{A36CD727-D5D8-4270-80DA-5C5A97C90AE8}.Debug|Any CPU.Build.0 = Debug|Any CPU
		{A36CD727-D5D8-4270-80DA-5C5A97C90AE8}.Release|Any CPU.ActiveCfg = Release|Any CPU
		{A36CD727-D5D8-4270-80DA-5C5A97C90AE8}.Release|Any CPU.Build.0 = Release|Any CPU
	EndGlobalSection
	GlobalSection(SolutionProperties) = preSolution
		HideSolutionNode = FALSE
	EndGlobalSection
	GlobalSection(ExtensibilityGlobals) = postSolution
		SolutionGuid = {A5DF7DF7-8043-4E87-99E6-82E75A163F56}
	EndGlobalSection
EndGlobal
